
Microsoft Visual Studio Solution File, Format Version 12.00
# Visual Studio 2013
VisualStudioVersion = 12.0.40629.0
MinimumVisualStudioVersion = 10.0.40219.1
Project("{FAE04EC0-301F-11D3-BF4B-00C04F79EFBC}") = "WebApiAngularTokenAuthExample", "WebApiAngularTokenAuthExample\WebApiAngularTokenAuthExample.csproj", "{1487E5D0-7E58-4BE0-9A48-ABC953FA18DE}"
EndProject
Global
	GlobalSection(SolutionConfigurationPlatforms) = preSolution
		Debug|Any CPU = Debug|Any CPU
		Release|Any CPU = Release|Any CPU
	EndGlobalSection
	GlobalSection(ProjectConfigurationPlatforms) = postSolution
		{1487E5D0-7E58-4BE0-9A48-ABC953FA18DE}.Debug|Any CPU.ActiveCfg = Debug|Any CPU
		{1487E5D0-7E58-4BE0-9A48-ABC953FA18DE}.Debug|Any CPU.Build.0 = Debug|Any CPU
		{1487E5D0-7E58-4BE0-9A48-ABC953FA18DE}.Release|Any CPU.ActiveCfg = Release|Any CPU
		{1487E5D0-7E58-4BE0-9A48-ABC953FA18DE}.Release|Any CPU.Build.0 = Release|Any CPU
	EndGlobalSection
	GlobalSection(SolutionProperties) = preSolution
		HideSolutionNode = FALSE
	EndGlobalSection
EndGlobal
